# This file is automatically @generated by Cargo.
# It is not intended for manual editing.
version = 3

[[package]]
name = "christmas-song"
version = "0.1.0"

[[package]]
name = "closures-demo"
version = "0.1.0"

[[package]]
name = "deadlocks-demo"
version = "0.1.0"

[[package]]
name = "employee-management"
version = "0.1.0"

[[package]]
name = "evaluation"
version = "0.1.0"

[[package]]
name = "fibonacci"
version = "0.1.0"

[[package]]
name = "lifetime-annotations-test"
version = "0.1.0"

[[package]]
name = "minigrep"
version = "0.1.0"

[[package]]
name = "piglatinize"
version = "0.1.0"

[[package]]
name = "portal"
version = "0.1.0"
dependencies = [
 "christmas-song",
 "employee-management",
 "evaluation",
 "fibonacci",
 "lifetime-annotations-test",
 "piglatinize",
 "tarait-bounds-test",
 "temperature",
]

[[package]]
name = "tarait-bounds-test"
version = "0.1.0"

[[package]]
name = "temperature"
version = "0.1.0"
